
Microsoft Visual Studio Solution File, Format Version 12.00
# Visual Studio Version 17
Project("{2150E333-8FDC-42A3-9474-1A3956D46DE8}") = "CMakePredefinedTargets", "CMakePredefinedTargets", "{53DD5CDC-4E11-332E-A831-CC69852499C9}"
EndProject
Project("{8BC9CEB8-8B4A-11D0-8D11-00A0C91BC942}") = "class4", "class4.vcxproj", "{FED03003-E348-31F2-B0E1-998F44938531}"
	ProjectSection(ProjectDependencies) = postProject
		{7BEA65B4-CFA5-30C7-82A7-A14AA2BD33AE} = {7BEA65B4-CFA5-30C7-82A7-A14AA2BD33AE}
	EndProjectSection
EndProject
Project("{8BC9CEB8-8B4A-11D0-8D11-00A0C91BC942}") = "ALL_BUILD", "ALL_BUILD.vcxproj", "{57702403-C31C-3787-BC6D-F13573D62950}"
	ProjectSection(ProjectDependencies) = postProject
		{7BEA65B4-CFA5-30C7-82A7-A14AA2BD33AE} = {7BEA65B4-CFA5-30C7-82A7-A14AA2BD33AE}
		{FED03003-E348-31F2-B0E1-998F44938531} = {FED03003-E348-31F2-B0E1-998F44938531}
	EndProjectSection
EndProject
Project("{8BC9CEB8-8B4A-11D0-8D11-00A0C91BC942}") = "ZERO_CHECK", "ZERO_CHECK.vcxproj", "{7BEA65B4-CFA5-30C7-82A7-A14AA2BD33AE}"
	ProjectSection(ProjectDependencies) = postProject
	EndProjectSection
EndProject
Global
	GlobalSection(SolutionConfigurationPlatforms) = preSolution
		Debug|Win32 = Debug|Win32
		Release|Win32 = Release|Win32
		MinSizeRel|Win32 = MinSizeRel|Win32
		RelWithDebInfo|Win32 = RelWithDebInfo|Win32
	EndGlobalSection
	GlobalSection(ProjectConfigurationPlatforms) = postSolution
		{FED03003-E348-31F2-B0E1-998F44938531}.Debug|Win32.ActiveCfg = Debug|Win32
		{FED03003-E348-31F2-B0E1-998F44938531}.Debug|Win32.Build.0 = Debug|Win32
		{FED03003-E348-31F2-B0E1-998F44938531}.Release|Win32.ActiveCfg = Release|Win32
		{FED03003-E348-31F2-B0E1-998F44938531}.Release|Win32.Build.0 = Release|Win32
		{FED03003-E348-31F2-B0E1-998F44938531}.MinSizeRel|Win32.ActiveCfg = MinSizeRel|Win32
		{FED03003-E348-31F2-B0E1-998F44938531}.MinSizeRel|Win32.Build.0 = MinSizeRel|Win32
		{FED03003-E348-31F2-B0E1-998F44938531}.RelWithDebInfo|Win32.ActiveCfg = RelWithDebInfo|Win32
		{FED03003-E348-31F2-B0E1-998F44938531}.RelWithDebInfo|Win32.Build.0 = RelWithDebInfo|Win32
		{57702403-C31C-3787-BC6D-F13573D62950}.Debug|Win32.ActiveCfg = Debug|Win32
		{57702403-C31C-3787-BC6D-F13573D62950}.Release|Win32.ActiveCfg = Release|Win32
		{57702403-C31C-3787-BC6D-F13573D62950}.MinSizeRel|Win32.ActiveCfg = MinSizeRel|Win32
		{57702403-C31C-3787-BC6D-F13573D62950}.RelWithDebInfo|Win32.ActiveCfg = RelWithDebInfo|Win32
		{7BEA65B4-CFA5-30C7-82A7-A14AA2BD33AE}.Debug|Win32.ActiveCfg = Debug|Win32
		{7BEA65B4-CFA5-30C7-82A7-A14AA2BD33AE}.Debug|Win32.Build.0 = Debug|Win32
		{7BEA65B4-CFA5-30C7-82A7-A14AA2BD33AE}.Release|Win32.ActiveCfg = Release|Win32
		{7BEA65B4-CFA5-30C7-82A7-A14AA2BD33AE}.Release|Win32.Build.0 = Release|Win32
		{7BEA65B4-CFA5-30C7-82A7-A14AA2BD33AE}.MinSizeRel|Win32.ActiveCfg = MinSizeRel|Win32
		{7BEA65B4-CFA5-30C7-82A7-A14AA2BD33AE}.MinSizeRel|Win32.Build.0 = MinSizeRel|Win32
		{7BEA65B4-CFA5-30C7-82A7-A14AA2BD33AE}.RelWithDebInfo|Win32.ActiveCfg = RelWithDebInfo|Win32
		{7BEA65B4-CFA5-30C7-82A7-A14AA2BD33AE}.RelWithDebInfo|Win32.Build.0 = RelWithDebInfo|Win32
	EndGlobalSection
	GlobalSection(NestedProjects) = preSolution
		{57702403-C31C-3787-BC6D-F13573D62950} = {53DD5CDC-4E11-332E-A831-CC69852499C9}
		{7BEA65B4-CFA5-30C7-82A7-A14AA2BD33AE} = {53DD5CDC-4E11-332E-A831-CC69852499C9}
	EndGlobalSection
	GlobalSection(ExtensibilityGlobals) = postSolution
		SolutionGuid = {CB6026C6-9336-38A1-ACC3-8F2B32966EFB}
	EndGlobalSection
	GlobalSection(ExtensibilityAddIns) = postSolution
	EndGlobalSection
EndGlobal
